// !$*UTF8*$!
{
	archiveVersion = 1;
	classes = {
	};
	objectVersion = 55;
	objects = {

/* Begin PBXBuildFile section */
		9E548BE42865E99300BD62E8 /* ImageCollectionViewCell.swift in Sources */ = {isa = PBXBuildFile; fileRef = 9E548BE22865E99300BD62E8 /* ImageCollectionViewCell.swift */; };
		9E548BE52865E99300BD62E8 /* ImageCollectionViewCell.xib in Resources */ = {isa = PBXBuildFile; fileRef = 9E548BE32865E99300BD62E8 /* ImageCollectionViewCell.xib */; };
		9E548BE82865E9A100BD62E8 /* LabelCollectionViewCell.swift in Sources */ = {isa = PBXBuildFile; fileRef = 9E548BE62865E9A100BD62E8 /* LabelCollectionViewCell.swift */; };
		9E548BE92865E9A100BD62E8 /* LabelCollectionViewCell.xib in Resources */ = {isa = PBXBuildFile; fileRef = 9E548BE72865E9A100BD62E8 /* LabelCollectionViewCell.xib */; };
		9E548BEE2865E9C500BD62E8 /* ButtonCollectionViewCell.swift in Sources */ = {isa = PBXBuildFile; fileRef = 9E548BEC2865E9C500BD62E8 /* ButtonCollectionViewCell.swift */; };
		9E548BEF2865E9C500BD62E8 /* ButtonCollectionViewCell.xib in Resources */ = {isa = PBXBuildFile; fileRef = 9E548BED2865E9C500BD62E8 /* ButtonCollectionViewCell.xib */; };
		9E548BF12866063300BD62E8 /* RocketName.swift in Sources */ = {isa = PBXBuildFile; fileRef = 9E548BF02866063300BD62E8 /* RocketName.swift */; };
		9E548BF32866063F00BD62E8 /* RocketImage.swift in Sources */ = {isa = PBXBuildFile; fileRef = 9E548BF22866063F00BD62E8 /* RocketImage.swift */; };
		9E548BF6286B54B800BD62E8 /* PageDetailViewController.swift in Sources */ = {isa = PBXBuildFile; fileRef = 9E548BF5286B54B800BD62E8 /* PageDetailViewController.swift */; };
		9E627FA02861F1C500B1859B /* HorizontalCollectionViewCell.swift in Sources */ = {isa = PBXBuildFile; fileRef = 9E627F9E2861F1C500B1859B /* HorizontalCollectionViewCell.swift */; };
		9E627FA12861F1C500B1859B /* HorizontalCollectionViewCell.xib in Resources */ = {isa = PBXBuildFile; fileRef = 9E627F9F2861F1C500B1859B /* HorizontalCollectionViewCell.xib */; };
		9E627FA42861F1FC00B1859B /* VerticalCollectionViewCell.swift in Sources */ = {isa = PBXBuildFile; fileRef = 9E627FA22861F1FC00B1859B /* VerticalCollectionViewCell.swift */; };
		9E627FA52861F1FC00B1859B /* VerticalCollectionViewCell.xib in Resources */ = {isa = PBXBuildFile; fileRef = 9E627FA32861F1FC00B1859B /* VerticalCollectionViewCell.xib */; };
		9E627FBC28622CD900B1859B /* rocket.json in Resources */ = {isa = PBXBuildFile; fileRef = 9E627FBB28622CD900B1859B /* rocket.json */; };
		9E627FBF28622F7B00B1859B /* Decoder.swift in Sources */ = {isa = PBXBuildFile; fileRef = 9E627FBE28622F7B00B1859B /* Decoder.swift */; };
		9E627FC1286312E200B1859B /* RocketDetailParameters.swift in Sources */ = {isa = PBXBuildFile; fileRef = 9E627FC0286312E200B1859B /* RocketDetailParameters.swift */; };
		9E627FC32863135000B1859B /* RocketMainInfo.swift in Sources */ = {isa = PBXBuildFile; fileRef = 9E627FC22863135000B1859B /* RocketMainInfo.swift */; };
		9E627FCB28635C8F00B1859B /* RocketModel.swift in Sources */ = {isa = PBXBuildFile; fileRef = 9E627FCA28635C8F00B1859B /* RocketModel.swift */; };
		9E69CF742861D5050031CEA4 /* AppDelegate.swift in Sources */ = {isa = PBXBuildFile; fileRef = 9E69CF732861D5050031CEA4 /* AppDelegate.swift */; };
		9E69CF762861D5050031CEA4 /* SceneDelegate.swift in Sources */ = {isa = PBXBuildFile; fileRef = 9E69CF752861D5050031CEA4 /* SceneDelegate.swift */; };
		9E69CF782861D5050031CEA4 /* ViewController.swift in Sources */ = {isa = PBXBuildFile; fileRef = 9E69CF772861D5050031CEA4 /* ViewController.swift */; };
		9E69CF7B2861D5050031CEA4 /* Main.storyboard in Resources */ = {isa = PBXBuildFile; fileRef = 9E69CF792861D5050031CEA4 /* Main.storyboard */; };
		9E69CF7D2861D5070031CEA4 /* Assets.xcassets in Resources */ = {isa = PBXBuildFile; fileRef = 9E69CF7C2861D5070031CEA4 /* Assets.xcassets */; };
		9E69CF802861D5070031CEA4 /* LaunchScreen.storyboard in Resources */ = {isa = PBXBuildFile; fileRef = 9E69CF7E2861D5070031CEA4 /* LaunchScreen.storyboard */; };
		9E69CF882861D5240031CEA4 /* CustomPageViewController.swift in Sources */ = {isa = PBXBuildFile; fileRef = 9E69CF872861D5240031CEA4 /* CustomPageViewController.swift */; };
/* End PBXBuildFile section */

/* Begin PBXFileReference section */
		9E548BE22865E99300BD62E8 /* ImageCollectionViewCell.swift */ = {isa = PBXFileReference; lastKnownFileType = sourcecode.swift; path = ImageCollectionViewCell.swift; sourceTree = "<group>"; };
		9E548BE32865E99300BD62E8 /* ImageCollectionViewCell.xib */ = {isa = PBXFileReference; lastKnownFileType = file.xib; path = ImageCollectionViewCell.xib; sourceTree = "<group>"; };
		9E548BE62865E9A100BD62E8 /* LabelCollectionViewCell.swift */ = {isa = PBXFileReference; lastKnownFileType = sourcecode.swift; path = LabelCollectionViewCell.swift; sourceTree = "<group>"; };
		9E548BE72865E9A100BD62E8 /* LabelCollectionViewCell.xib */ = {isa = PBXFileReference; lastKnownFileType = file.xib; path = LabelCollectionViewCell.xib; sourceTree = "<group>"; };
		9E548BEC2865E9C500BD62E8 /* ButtonCollectionViewCell.swift */ = {isa = PBXFileReference; lastKnownFileType = sourcecode.swift; path = ButtonCollectionViewCell.swift; sourceTree = "<group>"; };
		9E548BED2865E9C500BD62E8 /* ButtonCollectionViewCell.xib */ = {isa = PBXFileReference; lastKnownFileType = file.xib; path = ButtonCollectionViewCell.xib; sourceTree = "<group>"; };
		9E548BF02866063300BD62E8 /* RocketName.swift */ = {isa = PBXFileReference; lastKnownFileType = sourcecode.swift; path = RocketName.swift; sourceTree = "<group>"; };
		9E548BF22866063F00BD62E8 /* RocketImage.swift */ = {isa = PBXFileReference; lastKnownFileType = sourcecode.swift; path = RocketImage.swift; sourceTree = "<group>"; };
		9E548BF5286B54B800BD62E8 /* PageDetailViewController.swift */ = {isa = PBXFileReference; lastKnownFileType = sourcecode.swift; path = PageDetailViewController.swift; sourceTree = "<group>"; };
		9E627F9E2861F1C500B1859B /* HorizontalCollectionViewCell.swift */ = {isa = PBXFileReference; lastKnownFileType = sourcecode.swift; path = HorizontalCollectionViewCell.swift; sourceTree = "<group>"; };
		9E627F9F2861F1C500B1859B /* HorizontalCollectionViewCell.xib */ = {isa = PBXFileReference; lastKnownFileType = file.xib; path = HorizontalCollectionViewCell.xib; sourceTree = "<group>"; };
		9E627FA22861F1FC00B1859B /* VerticalCollectionViewCell.swift */ = {isa = PBXFileReference; lastKnownFileType = sourcecode.swift; path = VerticalCollectionViewCell.swift; sourceTree = "<group>"; };
		9E627FA32861F1FC00B1859B /* VerticalCollectionViewCell.xib */ = {isa = PBXFileReference; lastKnownFileType = file.xib; path = VerticalCollectionViewCell.xib; sourceTree = "<group>"; };
		9E627FBB28622CD900B1859B /* rocket.json */ = {isa = PBXFileReference; fileEncoding = 4; lastKnownFileType = text.json; name = rocket.json; path = "../../../../Downloads/105. iOS 13 Xcode 11 MultipleSections Start and final Projects-master/MultipleSections-master/MultipleSections/rocket.json"; sourceTree = "<group>"; };
		9E627FBE28622F7B00B1859B /* Decoder.swift */ = {isa = PBXFileReference; lastKnownFileType = sourcecode.swift; path = Decoder.swift; sourceTree = "<group>"; };
		9E627FC0286312E200B1859B /* RocketDetailParameters.swift */ = {isa = PBXFileReference; lastKnownFileType = sourcecode.swift; path = RocketDetailParameters.swift; sourceTree = "<group>"; };
		9E627FC22863135000B1859B /* RocketMainInfo.swift */ = {isa = PBXFileReference; lastKnownFileType = sourcecode.swift; path = RocketMainInfo.swift; sourceTree = "<group>"; };
		9E627FCA28635C8F00B1859B /* RocketModel.swift */ = {isa = PBXFileReference; lastKnownFileType = sourcecode.swift; path = RocketModel.swift; sourceTree = "<group>"; };
		9E69CF702861D5050031CEA4 /* SpaceXRockets_v4.app */ = {isa = PBXFileReference; explicitFileType = wrapper.application; includeInIndex = 0; path = SpaceXRockets_v4.app; sourceTree = BUILT_PRODUCTS_DIR; };
		9E69CF732861D5050031CEA4 /* AppDelegate.swift */ = {isa = PBXFileReference; lastKnownFileType = sourcecode.swift; path = AppDelegate.swift; sourceTree = "<group>"; };
		9E69CF752861D5050031CEA4 /* SceneDelegate.swift */ = {isa = PBXFileReference; lastKnownFileType = sourcecode.swift; path = SceneDelegate.swift; sourceTree = "<group>"; };
		9E69CF772861D5050031CEA4 /* ViewController.swift */ = {isa = PBXFileReference; lastKnownFileType = sourcecode.swift; path = ViewController.swift; sourceTree = "<group>"; };
		9E69CF7A2861D5050031CEA4 /* Base */ = {isa = PBXFileReference; lastKnownFileType = file.storyboard; name = Base; path = Base.lproj/Main.storyboard; sourceTree = "<group>"; };
		9E69CF7C2861D5070031CEA4 /* Assets.xcassets */ = {isa = PBXFileReference; lastKnownFileType = folder.assetcatalog; path = Assets.xcassets; sourceTree = "<group>"; };
		9E69CF7F2861D5070031CEA4 /* Base */ = {isa = PBXFileReference; lastKnownFileType = file.storyboard; name = Base; path = Base.lproj/LaunchScreen.storyboard; sourceTree = "<group>"; };
		9E69CF812861D5070031CEA4 /* Info.plist */ = {isa = PBXFileReference; lastKnownFileType = text.plist.xml; path = Info.plist; sourceTree = "<group>"; };
		9E69CF872861D5240031CEA4 /* CustomPageViewController.swift */ = {isa = PBXFileReference; lastKnownFileType = sourcecode.swift; path = CustomPageViewController.swift; sourceTree = "<group>"; };
/* End PBXFileReference section */

/* Begin PBXFrameworksBuildPhase section */
		9E69CF6D2861D5050031CEA4 /* Frameworks */ = {
			isa = PBXFrameworksBuildPhase;
			buildActionMask = 2147483647;
			files = (
			);
			runOnlyForDeploymentPostprocessing = 0;
		};
/* End PBXFrameworksBuildPhase section */

/* Begin PBXGroup section */
		9E627F9D2861F18500B1859B /* Cells */ = {
			isa = PBXGroup;
			children = (
				9E627F9E2861F1C500B1859B /* HorizontalCollectionViewCell.swift */,
				9E627F9F2861F1C500B1859B /* HorizontalCollectionViewCell.xib */,
				9E627FA22861F1FC00B1859B /* VerticalCollectionViewCell.swift */,
				9E627FA32861F1FC00B1859B /* VerticalCollectionViewCell.xib */,
				9E548BE22865E99300BD62E8 /* ImageCollectionViewCell.swift */,
				9E548BE32865E99300BD62E8 /* ImageCollectionViewCell.xib */,
				9E548BE62865E9A100BD62E8 /* LabelCollectionViewCell.swift */,
				9E548BE72865E9A100BD62E8 /* LabelCollectionViewCell.xib */,
				9E548BEC2865E9C500BD62E8 /* ButtonCollectionViewCell.swift */,
				9E548BED2865E9C500BD62E8 /* ButtonCollectionViewCell.xib */,
			);
			path = Cells;
			sourceTree = "<group>";
		};
		9E627FB42862289C00B1859B /* Model */ = {
			isa = PBXGroup;
			children = (
				9E627FC0286312E200B1859B /* RocketDetailParameters.swift */,
				9E627FC22863135000B1859B /* RocketMainInfo.swift */,
				9E627FCA28635C8F00B1859B /* RocketModel.swift */,
				9E548BF02866063300BD62E8 /* RocketName.swift */,
				9E548BF22866063F00BD62E8 /* RocketImage.swift */,
			);
			path = Model;
			sourceTree = "<group>";
		};
		9E627FB928622A6400B1859B /* View */ = {
			isa = PBXGroup;
			children = (
				9E69CF792861D5050031CEA4 /* Main.storyboard */,
				9E69CF7E2861D5070031CEA4 /* LaunchScreen.storyboard */,
				9E627F9D2861F18500B1859B /* Cells */,
			);
			path = View;
			sourceTree = "<group>";
		};
		9E627FBA28622A7300B1859B /* Controllers */ = {
			isa = PBXGroup;
			children = (
				9E69CF872861D5240031CEA4 /* CustomPageViewController.swift */,
				9E548BF5286B54B800BD62E8 /* PageDetailViewController.swift */,
				9E69CF772861D5050031CEA4 /* ViewController.swift */,
			);
			path = Controllers;
			sourceTree = "<group>";
		};
		9E627FBD28622F6A00B1859B /* Extension */ = {
			isa = PBXGroup;
			children = (
				9E627FBE28622F7B00B1859B /* Decoder.swift */,
			);
			path = Extension;
			sourceTree = "<group>";
		};
		9E69CF672861D5050031CEA4 = {
			isa = PBXGroup;
			children = (
				9E69CF722861D5050031CEA4 /* SpaceXRockets_v4 */,
				9E69CF712861D5050031CEA4 /* Products */,
			);
			sourceTree = "<group>";
		};
		9E69CF712861D5050031CEA4 /* Products */ = {
			isa = PBXGroup;
			children = (
				9E69CF702861D5050031CEA4 /* SpaceXRockets_v4.app */,
			);
			name = Products;
			sourceTree = "<group>";
		};
		9E69CF722861D5050031CEA4 /* SpaceXRockets_v4 */ = {
			isa = PBXGroup;
			children = (
				9E69CF732861D5050031CEA4 /* AppDelegate.swift */,
				9E69CF752861D5050031CEA4 /* SceneDelegate.swift */,
				9E627FBD28622F6A00B1859B /* Extension */,
				9E627FB42862289C00B1859B /* Model */,
				9E627FBA28622A7300B1859B /* Controllers */,
				9E627FB928622A6400B1859B /* View */,
				9E69CF7C2861D5070031CEA4 /* Assets.xcassets */,
				9E69CF812861D5070031CEA4 /* Info.plist */,
				9E627FBB28622CD900B1859B /* rocket.json */,
			);
			path = SpaceXRockets_v4;
			sourceTree = "<group>";
		};
/* End PBXGroup section */

/* Begin PBXNativeTarget section */
		9E69CF6F2861D5050031CEA4 /* SpaceXRockets_v4 */ = {
			isa = PBXNativeTarget;
			buildConfigurationList = 9E69CF842861D5070031CEA4 /* Build configuration list for PBXNativeTarget "SpaceXRockets_v4" */;
			buildPhases = (
				9E69CF6C2861D5050031CEA4 /* Sources */,
				9E69CF6D2861D5050031CEA4 /* Frameworks */,
				9E69CF6E2861D5050031CEA4 /* Resources */,
			);
			buildRules = (
			);
			dependencies = (
			);
			name = SpaceXRockets_v4;
			productName = SpaceXRockets_v4;
			productReference = 9E69CF702861D5050031CEA4 /* SpaceXRockets_v4.app */;
			productType = "com.apple.product-type.application";
		};
/* End PBXNativeTarget section */

/* Begin PBXProject section */
		9E69CF682861D5050031CEA4 /* Project object */ = {
			isa = PBXProject;
			attributes = {
				BuildIndependentTargetsInParallel = 1;
				LastSwiftUpdateCheck = 1340;
				LastUpgradeCheck = 1340;
				TargetAttributes = {
					9E69CF6F2861D5050031CEA4 = {
						CreatedOnToolsVersion = 13.4;
					};
				};
			};
			buildConfigurationList = 9E69CF6B2861D5050031CEA4 /* Build configuration list for PBXProject "SpaceXRockets_v4" */;
			compatibilityVersion = "Xcode 13.0";
			developmentRegion = en;
			hasScannedForEncodings = 0;
			knownRegions = (
				en,
				Base,
			);
			mainGroup = 9E69CF672861D5050031CEA4;
			productRefGroup = 9E69CF712861D5050031CEA4 /* Products */;
			projectDirPath = "";
			projectRoot = "";
			targets = (
				9E69CF6F2861D5050031CEA4 /* SpaceXRockets_v4 */,
			);
		};
/* End PBXProject section */

/* Begin PBXResourcesBuildPhase section */
		9E69CF6E2861D5050031CEA4 /* Resources */ = {
			isa = PBXResourcesBuildPhase;
			buildActionMask = 2147483647;
			files = (
				9E627FA52861F1FC00B1859B /* VerticalCollectionViewCell.xib in Resources */,
				9E627FBC28622CD900B1859B /* rocket.json in Resources */,
				9E548BEF2865E9C500BD62E8 /* ButtonCollectionViewCell.xib in Resources */,
				9E627FA12861F1C500B1859B /* HorizontalCollectionViewCell.xib in Resources */,
				9E548BE92865E9A100BD62E8 /* LabelCollectionViewCell.xib in Resources */,
				9E548BE52865E99300BD62E8 /* ImageCollectionViewCell.xib in Resources */,
				9E69CF802861D5070031CEA4 /* LaunchScreen.storyboard in Resources */,
				9E69CF7D2861D5070031CEA4 /* Assets.xcassets in Resources */,
				9E69CF7B2861D5050031CEA4 /* Main.storyboard in Resources */,
			);
			runOnlyForDeploymentPostprocessing = 0;
		};
/* End PBXResourcesBuildPhase section */

/* Begin PBXSourcesBuildPhase section */
		9E69CF6C2861D5050031CEA4 /* Sources */ = {
			isa = PBXSourcesBuildPhase;
			buildActionMask = 2147483647;
			files = (
				9E548BF6286B54B800BD62E8 /* PageDetailViewController.swift in Sources */,
				9E627FC32863135000B1859B /* RocketMainInfo.swift in Sources */,
				9E69CF882861D5240031CEA4 /* CustomPageViewController.swift in Sources */,
				9E627FCB28635C8F00B1859B /* RocketModel.swift in Sources */,
				9E69CF782861D5050031CEA4 /* ViewController.swift in Sources */,
				9E627FA02861F1C500B1859B /* HorizontalCollectionViewCell.swift in Sources */,
				9E548BE42865E99300BD62E8 /* ImageCollectionViewCell.swift in Sources */,
				9E548BF32866063F00BD62E8 /* RocketImage.swift in Sources */,
				9E548BF12866063300BD62E8 /* RocketName.swift in Sources */,
				9E69CF742861D5050031CEA4 /* AppDelegate.swift in Sources */,
				9E627FA42861F1FC00B1859B /* VerticalCollectionViewCell.swift in Sources */,
				9E69CF762861D5050031CEA4 /* SceneDelegate.swift in Sources */,
				9E627FBF28622F7B00B1859B /* Decoder.swift in Sources */,
				9E548BE82865E9A100BD62E8 /* LabelCollectionViewCell.swift in Sources */,
				9E548BEE2865E9C500BD62E8 /* ButtonCollectionViewCell.swift in Sources */,
				9E627FC1286312E200B1859B /* RocketDetailParameters.swift in Sources */,
			);
			runOnlyForDeploymentPostprocessing = 0;
		};
/* End PBXSourcesBuildPhase section */

/* Begin PBXVariantGroup section */
		9E69CF792861D5050031CEA4 /* Main.storyboard */ = {
			isa = PBXVariantGroup;
			children = (
				9E69CF7A2861D5050031CEA4 /* Base */,
			);
			name = Main.storyboard;
			sourceTree = "<group>";
		};
		9E69CF7E2861D5070031CEA4 /* LaunchScreen.storyboard */ = {
			isa = PBXVariantGroup;
			children = (
				9E69CF7F2861D5070031CEA4 /* Base */,
			);
			name = LaunchScreen.storyboard;
			sourceTree = "<group>";
		};
/* End PBXVariantGroup section */

/* Begin XCBuildConfiguration section */
		9E69CF822861D5070031CEA4 /* Debug */ = {
			isa = XCBuildConfiguration;
			buildSettings = {
				ALWAYS_SEARCH_USER_PATHS = NO;
				CLANG_ANALYZER_NONNULL = YES;
				CLANG_ANALYZER_NUMBER_OBJECT_CONVERSION = YES_AGGRESSIVE;
				CLANG_CXX_LANGUAGE_STANDARD = "gnu++17";
				CLANG_ENABLE_MODULES = YES;
				CLANG_ENABLE_OBJC_ARC = YES;
				CLANG_ENABLE_OBJC_WEAK = YES;
				CLANG_WARN_BLOCK_CAPTURE_AUTORELEASING = YES;
				CLANG_WARN_BOOL_CONVERSION = YES;
				CLANG_WARN_COMMA = YES;
				CLANG_WARN_CONSTANT_CONVERSION = YES;
				CLANG_WARN_DEPRECATED_OBJC_IMPLEMENTATIONS = YES;
				CLANG_WARN_DIRECT_OBJC_ISA_USAGE = YES_ERROR;
				CLANG_WARN_DOCUMENTATION_COMMENTS = YES;
				CLANG_WARN_EMPTY_BODY = YES;
				CLANG_WARN_ENUM_CONVERSION = YES;
				CLANG_WARN_INFINITE_RECURSION = YES;
				CLANG_WARN_INT_CONVERSION = YES;
				CLANG_WARN_NON_LITERAL_NULL_CONVERSION = YES;
				CLANG_WARN_OBJC_IMPLICIT_RETAIN_SELF = YES;
				CLANG_WARN_OBJC_LITERAL_CONVERSION = YES;
				CLANG_WARN_OBJC_ROOT_CLASS = YES_ERROR;
				CLANG_WARN_QUOTED_INCLUDE_IN_FRAMEWORK_HEADER = YES;
				CLANG_WARN_RANGE_LOOP_ANALYSIS = YES;
				CLANG_WARN_STRICT_PROTOTYPES = YES;
				CLANG_WARN_SUSPICIOUS_MOVE = YES;
				CLANG_WARN_UNGUARDED_AVAILABILITY = YES_AGGRESSIVE;
				CLANG_WARN_UNREACHABLE_CODE = YES;
				CLANG_WARN__DUPLICATE_METHOD_MATCH = YES;
				COPY_PHASE_STRIP = NO;
				DEBUG_INFORMATION_FORMAT = dwarf;
				ENABLE_STRICT_OBJC_MSGSEND = YES;
				ENABLE_TESTABILITY = YES;
				GCC_C_LANGUAGE_STANDARD = gnu11;
				GCC_DYNAMIC_NO_PIC = NO;
				GCC_NO_COMMON_BLOCKS = YES;
				GCC_OPTIMIZATION_LEVEL = 0;
				GCC_PREPROCESSOR_DEFINITIONS = (
					"DEBUG=1",
					"$(inherited)",
				);
				GCC_WARN_64_TO_32_BIT_CONVERSION = YES;
				GCC_WARN_ABOUT_RETURN_TYPE = YES_ERROR;
				GCC_WARN_UNDECLARED_SELECTOR = YES;
				GCC_WARN_UNINITIALIZED_AUTOS = YES_AGGRESSIVE;
				GCC_WARN_UNUSED_FUNCTION = YES;
				GCC_WARN_UNUSED_VARIABLE = YES;
				IPHONEOS_DEPLOYMENT_TARGET = 13.2;
				MTL_ENABLE_DEBUG_INFO = INCLUDE_SOURCE;
				MTL_FAST_MATH = YES;
				ONLY_ACTIVE_ARCH = YES;
				SDKROOT = iphoneos;
				SWIFT_ACTIVE_COMPILATION_CONDITIONS = DEBUG;
				SWIFT_OPTIMIZATION_LEVEL = "-Onone";
			};
			name = Debug;
		};
		9E69CF832861D5070031CEA4 /* Release */ = {
			isa = XCBuildConfiguration;
			buildSettings = {
				ALWAYS_SEARCH_USER_PATHS = NO;
				CLANG_ANALYZER_NONNULL = YES;
				CLANG_ANALYZER_NUMBER_OBJECT_CONVERSION = YES_AGGRESSIVE;
				CLANG_CXX_LANGUAGE_STANDARD = "gnu++17";
				CLANG_ENABLE_MODULES = YES;
				CLANG_ENABLE_OBJC_ARC = YES;
				CLANG_ENABLE_OBJC_WEAK = YES;
				CLANG_WARN_BLOCK_CAPTURE_AUTORELEASING = YES;
				CLANG_WARN_BOOL_CONVERSION = YES;
				CLANG_WARN_COMMA = YES;
				CLANG_WARN_CONSTANT_CONVERSION = YES;
				CLANG_WARN_DEPRECATED_OBJC_IMPLEMENTATIONS = YES;
				CLANG_WARN_DIRECT_OBJC_ISA_USAGE = YES_ERROR;
				CLANG_WARN_DOCUMENTATION_COMMENTS = YES;
				CLANG_WARN_EMPTY_BODY = YES;
				CLANG_WARN_ENUM_CONVERSION = YES;
				CLANG_WARN_INFINITE_RECURSION = YES;
				CLANG_WARN_INT_CONVERSION = YES;
				CLANG_WARN_NON_LITERAL_NULL_CONVERSION = YES;
				CLANG_WARN_OBJC_IMPLICIT_RETAIN_SELF = YES;
				CLANG_WARN_OBJC_LITERAL_CONVERSION = YES;
				CLANG_WARN_OBJC_ROOT_CLASS = YES_ERROR;
				CLANG_WARN_QUOTED_INCLUDE_IN_FRAMEWORK_HEADER = YES;
				CLANG_WARN_RANGE_LOOP_ANALYSIS = YES;
				CLANG_WARN_STRICT_PROTOTYPES = YES;
				CLANG_WARN_SUSPICIOUS_MOVE = YES;
				CLANG_WARN_UNGUARDED_AVAILABILITY = YES_AGGRESSIVE;
				CLANG_WARN_UNREACHABLE_CODE = YES;
				CLANG_WARN__DUPLICATE_METHOD_MATCH = YES;
				COPY_PHASE_STRIP = NO;
				DEBUG_INFORMATION_FORMAT = "dwarf-with-dsym";
				ENABLE_NS_ASSERTIONS = NO;
				ENABLE_STRICT_OBJC_MSGSEND = YES;
				GCC_C_LANGUAGE_STANDARD = gnu11;
				GCC_NO_COMMON_BLOCKS = YES;
				GCC_WARN_64_TO_32_BIT_CONVERSION = YES;
				GCC_WARN_ABOUT_RETURN_TYPE = YES_ERROR;
				GCC_WARN_UNDECLARED_SELECTOR = YES;
				GCC_WARN_UNINITIALIZED_AUTOS = YES_AGGRESSIVE;
				GCC_WARN_UNUSED_FUNCTION = YES;
				GCC_WARN_UNUSED_VARIABLE = YES;
				IPHONEOS_DEPLOYMENT_TARGET = 13.2;
				MTL_ENABLE_DEBUG_INFO = NO;
				MTL_FAST_MATH = YES;
				SDKROOT = iphoneos;
				SWIFT_COMPILATION_MODE = wholemodule;
				SWIFT_OPTIMIZATION_LEVEL = "-O";
				VALIDATE_PRODUCT = YES;
			};
			name = Release;
		};
		9E69CF852861D5070031CEA4 /* Debug */ = {
			isa = XCBuildConfiguration;
			buildSettings = {
				ASSETCATALOG_COMPILER_APPICON_NAME = AppIcon;
				ASSETCATALOG_COMPILER_GLOBAL_ACCENT_COLOR_NAME = AccentColor;
				CODE_SIGN_STYLE = Automatic;
				CURRENT_PROJECT_VERSION = 1;
				DEVELOPMENT_TEAM = PP85UBA626;
				GENERATE_INFOPLIST_FILE = YES;
				INFOPLIST_FILE = SpaceXRockets_v4/Info.plist;
				INFOPLIST_KEY_UIApplicationSupportsIndirectInputEvents = YES;
				INFOPLIST_KEY_UILaunchStoryboardName = LaunchScreen;
				INFOPLIST_KEY_UIMainStoryboardFile = Main;
				INFOPLIST_KEY_UISupportedInterfaceOrientations = UIInterfaceOrientationPortrait;
				INFOPLIST_KEY_UISupportedInterfaceOrientations_iPad = "UIInterfaceOrientationPortrait UIInterfaceOrientationPortraitUpsideDown UIInterfaceOrientationLandscapeLeft UIInterfaceOrientationLandscapeRight";
				INFOPLIST_KEY_UISupportedInterfaceOrientations_iPhone = "UIInterfaceOrientationPortrait UIInterfaceOrientationLandscapeLeft UIInterfaceOrientationLandscapeRight";
				IPHONEOS_DEPLOYMENT_TARGET = 13.2;
				LD_RUNPATH_SEARCH_PATHS = (
					"$(inherited)",
					"@executable_path/Frameworks",
				);
				MARKETING_VERSION = 1.0;
				PRODUCT_BUNDLE_IDENTIFIER = "com.spikywu7.SpaceXRockets-v4";
				PRODUCT_NAME = "$(TARGET_NAME)";
				SWIFT_EMIT_LOC_STRINGS = YES;
				SWIFT_VERSION = 5.0;
				TARGETED_DEVICE_FAMILY = "1,2";
			};
			name = Debug;
		};
		9E69CF862861D5070031CEA4 /* Release */ = {
			isa = XCBuildConfiguration;
			buildSettings = {
				ASSETCATALOG_COMPILER_APPICON_NAME = AppIcon;
				ASSETCATALOG_COMPILER_GLOBAL_ACCENT_COLOR_NAME = AccentColor;
				CODE_SIGN_STYLE = Automatic;
				CURRENT_PROJECT_VERSION = 1;
				DEVELOPMENT_TEAM = PP85UBA626;
				GENERATE_INFOPLIST_FILE = YES;
				INFOPLIST_FILE = SpaceXRockets_v4/Info.plist;
				INFOPLIST_KEY_UIApplicationSupportsIndirectInputEvents = YES;
				INFOPLIST_KEY_UILaunchStoryboardName = LaunchScreen;
				INFOPLIST_KEY_UIMainStoryboardFile = Main;
				INFOPLIST_KEY_UISupportedInterfaceOrientations = UIInterfaceOrientationPortrait;
				INFOPLIST_KEY_UISupportedInterfaceOrientations_iPad = "UIInterfaceOrientationPortrait UIInterfaceOrientationPortraitUpsideDown UIInterfaceOrientationLandscapeLeft UIInterfaceOrientationLandscapeRight";
				INFOPLIST_KEY_UISupportedInterfaceOrientations_iPhone = "UIInterfaceOrientationPortrait UIInterfaceOrientationLandscapeLeft UIInterfaceOrientationLandscapeRight";
				IPHONEOS_DEPLOYMENT_TARGET = 13.2;
				LD_RUNPATH_SEARCH_PATHS = (
					"$(inherited)",
					"@executable_path/Frameworks",
				);
				MARKETING_VERSION = 1.0;
				PRODUCT_BUNDLE_IDENTIFIER = "com.spikywu7.SpaceXRockets-v4";
				PRODUCT_NAME = "$(TARGET_NAME)";
				SWIFT_EMIT_LOC_STRINGS = YES;
				SWIFT_VERSION = 5.0;
				TARGETED_DEVICE_FAMILY = "1,2";
			};
			name = Release;
		};
/* End XCBuildConfiguration section */

/* Begin XCConfigurationList section */
		9E69CF6B2861D5050031CEA4 /* Build configuration list for PBXProject "SpaceXRockets_v4" */ = {
			isa = XCConfigurationList;
			buildConfigurations = (
				9E69CF822861D5070031CEA4 /* Debug */,
				9E69CF832861D5070031CEA4 /* Release */,
			);
			defaultConfigurationIsVisible = 0;
			defaultConfigurationName = Release;
		};
		9E69CF842861D5070031CEA4 /* Build configuration list for PBXNativeTarget "SpaceXRockets_v4" */ = {
			isa = XCConfigurationList;
			buildConfigurations = (
				9E69CF852861D5070031CEA4 /* Debug */,
				9E69CF862861D5070031CEA4 /* Release */,
			);
			defaultConfigurationIsVisible = 0;
			defaultConfigurationName = Release;
		};
/* End XCConfigurationList section */
	};
	rootObject = 9E69CF682861D5050031CEA4 /* Project object */;
}
